// !$*UTF8*$!
{
	archiveVersion = 1;
	classes = {
	};
	objectVersion = 55;
	objects = {

/* Begin PBXBuildFile section */
		FE5E13F52798CC9700560CD8 /* AppDelegate.swift in Sources */ = {isa = PBXBuildFile; fileRef = FE5E13F42798CC9700560CD8 /* AppDelegate.swift */; };
		FE5E13FE2798CC9900560CD8 /* Assets.xcassets in Resources */ = {isa = PBXBuildFile; fileRef = FE5E13FD2798CC9900560CD8 /* Assets.xcassets */; };
		FE5E14012798CC9900560CD8 /* LaunchScreen.storyboard in Resources */ = {isa = PBXBuildFile; fileRef = FE5E13FF2798CC9900560CD8 /* LaunchScreen.storyboard */; };
		FE5E140C2798CC9900560CD8 /* ZeemeeCodeSampleTests.swift in Sources */ = {isa = PBXBuildFile; fileRef = FE5E140B2798CC9900560CD8 /* ZeemeeCodeSampleTests.swift */; };
		FE5E14162798CC9900560CD8 /* ZeemeeCodeSampleUITests.swift in Sources */ = {isa = PBXBuildFile; fileRef = FE5E14152798CC9900560CD8 /* ZeemeeCodeSampleUITests.swift */; };
		FE5E14182798CC9900560CD8 /* ZeemeeCodeSampleUITestsLaunchTests.swift in Sources */ = {isa = PBXBuildFile; fileRef = FE5E14172798CC9900560CD8 /* ZeemeeCodeSampleUITestsLaunchTests.swift */; };
		FE5E14252798CE1900560CD8 /* SearchViewController.swift in Sources */ = {isa = PBXBuildFile; fileRef = FE5E14242798CE1900560CD8 /* SearchViewController.swift */; };
		FE5E14272798CE2400560CD8 /* DetailViewController.swift in Sources */ = {isa = PBXBuildFile; fileRef = FE5E14262798CE2400560CD8 /* DetailViewController.swift */; };
		FE5E14292798D04600560CD8 /* CocktailService.swift in Sources */ = {isa = PBXBuildFile; fileRef = FE5E14282798D04600560CD8 /* CocktailService.swift */; };
		FE5E142B2798D17700560CD8 /* Cocktail.swift in Sources */ = {isa = PBXBuildFile; fileRef = FE5E142A2798D17700560CD8 /* Cocktail.swift */; };
		FE5E142D2798E5B900560CD8 /* Helpers.swift in Sources */ = {isa = PBXBuildFile; fileRef = FE5E142C2798E5B900560CD8 /* Helpers.swift */; };
		FE5E142F2798F97000560CD8 /* SearchResults.swift in Sources */ = {isa = PBXBuildFile; fileRef = FE5E142E2798F97000560CD8 /* SearchResults.swift */; };
		FE5E143127990AF900560CD8 /* SearchManager.swift in Sources */ = {isa = PBXBuildFile; fileRef = FE5E143027990AF900560CD8 /* SearchManager.swift */; };
		FE5E14332799198000560CD8 /* SearchResultCell.swift in Sources */ = {isa = PBXBuildFile; fileRef = FE5E14322799198000560CD8 /* SearchResultCell.swift */; };
/* End PBXBuildFile section */

/* Begin PBXContainerItemProxy section */
		FE5E14082798CC9900560CD8 /* PBXContainerItemProxy */ = {
			isa = PBXContainerItemProxy;
			containerPortal = FE5E13E92798CC9700560CD8 /* Project object */;
			proxyType = 1;
			remoteGlobalIDString = FE5E13F02798CC9700560CD8;
			remoteInfo = ZeemeeCodeSample;
		};
		FE5E14122798CC9900560CD8 /* PBXContainerItemProxy */ = {
			isa = PBXContainerItemProxy;
			containerPortal = FE5E13E92798CC9700560CD8 /* Project object */;
			proxyType = 1;
			remoteGlobalIDString = FE5E13F02798CC9700560CD8;
			remoteInfo = ZeemeeCodeSample;
		};
/* End PBXContainerItemProxy section */

/* Begin PBXFileReference section */
		FE5E13F12798CC9700560CD8 /* ZeemeeCodeSample.app */ = {isa = PBXFileReference; explicitFileType = wrapper.application; includeInIndex = 0; path = ZeemeeCodeSample.app; sourceTree = BUILT_PRODUCTS_DIR; };
		FE5E13F42798CC9700560CD8 /* AppDelegate.swift */ = {isa = PBXFileReference; lastKnownFileType = sourcecode.swift; path = AppDelegate.swift; sourceTree = "<group>"; };
		FE5E13FD2798CC9900560CD8 /* Assets.xcassets */ = {isa = PBXFileReference; lastKnownFileType = folder.assetcatalog; path = Assets.xcassets; sourceTree = "<group>"; };
		FE5E14002798CC9900560CD8 /* Base */ = {isa = PBXFileReference; lastKnownFileType = file.storyboard; name = Base; path = Base.lproj/LaunchScreen.storyboard; sourceTree = "<group>"; };
		FE5E14022798CC9900560CD8 /* Info.plist */ = {isa = PBXFileReference; lastKnownFileType = text.plist.xml; path = Info.plist; sourceTree = "<group>"; };
		FE5E14072798CC9900560CD8 /* ZeemeeCodeSampleTests.xctest */ = {isa = PBXFileReference; explicitFileType = wrapper.cfbundle; includeInIndex = 0; path = ZeemeeCodeSampleTests.xctest; sourceTree = BUILT_PRODUCTS_DIR; };
		FE5E140B2798CC9900560CD8 /* ZeemeeCodeSampleTests.swift */ = {isa = PBXFileReference; lastKnownFileType = sourcecode.swift; path = ZeemeeCodeSampleTests.swift; sourceTree = "<group>"; };
		FE5E14112798CC9900560CD8 /* ZeemeeCodeSampleUITests.xctest */ = {isa = PBXFileReference; explicitFileType = wrapper.cfbundle; includeInIndex = 0; path = ZeemeeCodeSampleUITests.xctest; sourceTree = BUILT_PRODUCTS_DIR; };
		FE5E14152798CC9900560CD8 /* ZeemeeCodeSampleUITests.swift */ = {isa = PBXFileReference; lastKnownFileType = sourcecode.swift; path = ZeemeeCodeSampleUITests.swift; sourceTree = "<group>"; };
		FE5E14172798CC9900560CD8 /* ZeemeeCodeSampleUITestsLaunchTests.swift */ = {isa = PBXFileReference; lastKnownFileType = sourcecode.swift; path = ZeemeeCodeSampleUITestsLaunchTests.swift; sourceTree = "<group>"; };
		FE5E14242798CE1900560CD8 /* SearchViewController.swift */ = {isa = PBXFileReference; lastKnownFileType = sourcecode.swift; path = SearchViewController.swift; sourceTree = "<group>"; };
		FE5E14262798CE2400560CD8 /* DetailViewController.swift */ = {isa = PBXFileReference; lastKnownFileType = sourcecode.swift; path = DetailViewController.swift; sourceTree = "<group>"; };
		FE5E14282798D04600560CD8 /* CocktailService.swift */ = {isa = PBXFileReference; lastKnownFileType = sourcecode.swift; path = CocktailService.swift; sourceTree = "<group>"; };
		FE5E142A2798D17700560CD8 /* Cocktail.swift */ = {isa = PBXFileReference; lastKnownFileType = sourcecode.swift; path = Cocktail.swift; sourceTree = "<group>"; };
		FE5E142C2798E5B900560CD8 /* Helpers.swift */ = {isa = PBXFileReference; lastKnownFileType = sourcecode.swift; path = Helpers.swift; sourceTree = "<group>"; };
		FE5E142E2798F97000560CD8 /* SearchResults.swift */ = {isa = PBXFileReference; lastKnownFileType = sourcecode.swift; path = SearchResults.swift; sourceTree = "<group>"; };
		FE5E143027990AF900560CD8 /* SearchManager.swift */ = {isa = PBXFileReference; lastKnownFileType = sourcecode.swift; path = SearchManager.swift; sourceTree = "<group>"; };
		FE5E14322799198000560CD8 /* SearchResultCell.swift */ = {isa = PBXFileReference; lastKnownFileType = sourcecode.swift; path = SearchResultCell.swift; sourceTree = "<group>"; };
/* End PBXFileReference section */

/* Begin PBXFrameworksBuildPhase section */
		FE5E13EE2798CC9700560CD8 /* Frameworks */ = {
			isa = PBXFrameworksBuildPhase;
			buildActionMask = 2147483647;
			files = (
			);
			runOnlyForDeploymentPostprocessing = 0;
		};
		FE5E14042798CC9900560CD8 /* Frameworks */ = {
			isa = PBXFrameworksBuildPhase;
			buildActionMask = 2147483647;
			files = (
			);
			runOnlyForDeploymentPostprocessing = 0;
		};
		FE5E140E2798CC9900560CD8 /* Frameworks */ = {
			isa = PBXFrameworksBuildPhase;
			buildActionMask = 2147483647;
			files = (
			);
			runOnlyForDeploymentPostprocessing = 0;
		};
/* End PBXFrameworksBuildPhase section */

/* Begin PBXGroup section */
		FE5E13E82798CC9700560CD8 = {
			isa = PBXGroup;
			children = (
				FE5E13F32798CC9700560CD8 /* ZeemeeCodeSample */,
				FE5E140A2798CC9900560CD8 /* ZeemeeCodeSampleTests */,
				FE5E14142798CC9900560CD8 /* ZeemeeCodeSampleUITests */,
				FE5E13F22798CC9700560CD8 /* Products */,
			);
			sourceTree = "<group>";
		};
		FE5E13F22798CC9700560CD8 /* Products */ = {
			isa = PBXGroup;
			children = (
				FE5E13F12798CC9700560CD8 /* ZeemeeCodeSample.app */,
				FE5E14072798CC9900560CD8 /* ZeemeeCodeSampleTests.xctest */,
				FE5E14112798CC9900560CD8 /* ZeemeeCodeSampleUITests.xctest */,
			);
			name = Products;
			sourceTree = "<group>";
		};
		FE5E13F32798CC9700560CD8 /* ZeemeeCodeSample */ = {
			isa = PBXGroup;
			children = (
				FE5E13F42798CC9700560CD8 /* AppDelegate.swift */,
				FE5E14242798CE1900560CD8 /* SearchViewController.swift */,
				FE5E14322799198000560CD8 /* SearchResultCell.swift */,
				FE5E143027990AF900560CD8 /* SearchManager.swift */,
				FE5E14262798CE2400560CD8 /* DetailViewController.swift */,
				FE5E14282798D04600560CD8 /* CocktailService.swift */,
				FE5E142E2798F97000560CD8 /* SearchResults.swift */,
				FE5E142A2798D17700560CD8 /* Cocktail.swift */,
				FE5E142C2798E5B900560CD8 /* Helpers.swift */,
				FE5E13FD2798CC9900560CD8 /* Assets.xcassets */,
				FE5E13FF2798CC9900560CD8 /* LaunchScreen.storyboard */,
				FE5E14022798CC9900560CD8 /* Info.plist */,
			);
			path = ZeemeeCodeSample;
			sourceTree = "<group>";
		};
		FE5E140A2798CC9900560CD8 /* ZeemeeCodeSampleTests */ = {
			isa = PBXGroup;
			children = (
				FE5E140B2798CC9900560CD8 /* ZeemeeCodeSampleTests.swift */,
			);
			path = ZeemeeCodeSampleTests;
			sourceTree = "<group>";
		};
		FE5E14142798CC9900560CD8 /* ZeemeeCodeSampleUITests */ = {
			isa = PBXGroup;
			children = (
				FE5E14152798CC9900560CD8 /* ZeemeeCodeSampleUITests.swift */,
				FE5E14172798CC9900560CD8 /* ZeemeeCodeSampleUITestsLaunchTests.swift */,
			);
			path = ZeemeeCodeSampleUITests;
			sourceTree = "<group>";
		};
/* End PBXGroup section */

/* Begin PBXNativeTarget section */
		FE5E13F02798CC9700560CD8 /* ZeemeeCodeSample */ = {
			isa = PBXNativeTarget;
			buildConfigurationList = FE5E141B2798CC9900560CD8 /* Build configuration list for PBXNativeTarget "ZeemeeCodeSample" */;
			buildPhases = (
				FE5E13ED2798CC9700560CD8 /* Sources */,
				FE5E13EE2798CC9700560CD8 /* Frameworks */,
				FE5E13EF2798CC9700560CD8 /* Resources */,
			);
			buildRules = (
			);
			dependencies = (
			);
			name = ZeemeeCodeSample;
			productName = ZeemeeCodeSample;
			productReference = FE5E13F12798CC9700560CD8 /* ZeemeeCodeSample.app */;
			productType = "com.apple.product-type.application";
		};
		FE5E14062798CC9900560CD8 /* ZeemeeCodeSampleTests */ = {
			isa = PBXNativeTarget;
			buildConfigurationList = FE5E141E2798CC9900560CD8 /* Build configuration list for PBXNativeTarget "ZeemeeCodeSampleTests" */;
			buildPhases = (
				FE5E14032798CC9900560CD8 /* Sources */,
				FE5E14042798CC9900560CD8 /* Frameworks */,
				FE5E14052798CC9900560CD8 /* Resources */,
			);
			buildRules = (
			);
			dependencies = (
				FE5E14092798CC9900560CD8 /* PBXTargetDependency */,
			);
			name = ZeemeeCodeSampleTests;
			productName = ZeemeeCodeSampleTests;
			productReference = FE5E14072798CC9900560CD8 /* ZeemeeCodeSampleTests.xctest */;
			productType = "com.apple.product-type.bundle.unit-test";
		};
		FE5E14102798CC9900560CD8 /* ZeemeeCodeSampleUITests */ = {
			isa = PBXNativeTarget;
			buildConfigurationList = FE5E14212798CC9900560CD8 /* Build configuration list for PBXNativeTarget "ZeemeeCodeSampleUITests" */;
			buildPhases = (
				FE5E140D2798CC9900560CD8 /* Sources */,
				FE5E140E2798CC9900560CD8 /* Frameworks */,
				FE5E140F2798CC9900560CD8 /* Resources */,
			);
			buildRules = (
			);
			dependencies = (
				FE5E14132798CC9900560CD8 /* PBXTargetDependency */,
			);
			name = ZeemeeCodeSampleUITests;
			productName = ZeemeeCodeSampleUITests;
			productReference = FE5E14112798CC9900560CD8 /* ZeemeeCodeSampleUITests.xctest */;
			productType = "com.apple.product-type.bundle.ui-testing";
		};
/* End PBXNativeTarget section */

/* Begin PBXProject section */
		FE5E13E92798CC9700560CD8 /* Project object */ = {
			isa = PBXProject;
			attributes = {
				BuildIndependentTargetsInParallel = 1;
				LastSwiftUpdateCheck = 1320;
				LastUpgradeCheck = 1320;
				TargetAttributes = {
					FE5E13F02798CC9700560CD8 = {
						CreatedOnToolsVersion = 13.2.1;
					};
					FE5E14062798CC9900560CD8 = {
						CreatedOnToolsVersion = 13.2.1;
						TestTargetID = FE5E13F02798CC9700560CD8;
					};
					FE5E14102798CC9900560CD8 = {
						CreatedOnToolsVersion = 13.2.1;
						TestTargetID = FE5E13F02798CC9700560CD8;
					};
				};
			};
			buildConfigurationList = FE5E13EC2798CC9700560CD8 /* Build configuration list for PBXProject "ZeemeeCodeSample" */;
			compatibilityVersion = "Xcode 13.0";
			developmentRegion = en;
			hasScannedForEncodings = 0;
			knownRegions = (
				en,
				Base,
			);
			mainGroup = FE5E13E82798CC9700560CD8;
			productRefGroup = FE5E13F22798CC9700560CD8 /* Products */;
			projectDirPath = "";
			projectRoot = "";
			targets = (
				FE5E13F02798CC9700560CD8 /* ZeemeeCodeSample */,
				FE5E14062798CC9900560CD8 /* ZeemeeCodeSampleTests */,
				FE5E14102798CC9900560CD8 /* ZeemeeCodeSampleUITests */,
			);
		};
/* End PBXProject section */

/* Begin PBXResourcesBuildPhase section */
		FE5E13EF2798CC9700560CD8 /* Resources */ = {
			isa = PBXResourcesBuildPhase;
			buildActionMask = 2147483647;
			files = (
				FE5E14012798CC9900560CD8 /* LaunchScreen.storyboard in Resources */,
				FE5E13FE2798CC9900560CD8 /* Assets.xcassets in Resources */,
			);
			runOnlyForDeploymentPostprocessing = 0;
		};
		FE5E14052798CC9900560CD8 /* Resources */ = {
			isa = PBXResourcesBuildPhase;
			buildActionMask = 2147483647;
			files = (
			);
			runOnlyForDeploymentPostprocessing = 0;
		};
		FE5E140F2798CC9900560CD8 /* Resources */ = {
			isa = PBXResourcesBuildPhase;
			buildActionMask = 2147483647;
			files = (
			);
			runOnlyForDeploymentPostprocessing = 0;
		};
/* End PBXResourcesBuildPhase section */

/* Begin PBXSourcesBuildPhase section */
		FE5E13ED2798CC9700560CD8 /* Sources */ = {
			isa = PBXSourcesBuildPhase;
			buildActionMask = 2147483647;
			files = (
				FE5E13F52798CC9700560CD8 /* AppDelegate.swift in Sources */,
				FE5E142D2798E5B900560CD8 /* Helpers.swift in Sources */,
				FE5E14272798CE2400560CD8 /* DetailViewController.swift in Sources */,
				FE5E14252798CE1900560CD8 /* SearchViewController.swift in Sources */,
				FE5E142F2798F97000560CD8 /* SearchResults.swift in Sources */,
				FE5E14292798D04600560CD8 /* CocktailService.swift in Sources */,
				FE5E142B2798D17700560CD8 /* Cocktail.swift in Sources */,
				FE5E14332799198000560CD8 /* SearchResultCell.swift in Sources */,
				FE5E143127990AF900560CD8 /* SearchManager.swift in Sources */,
			);
			runOnlyForDeploymentPostprocessing = 0;
		};
		FE5E14032798CC9900560CD8 /* Sources */ = {
			isa = PBXSourcesBuildPhase;
			buildActionMask = 2147483647;
			files = (
				FE5E140C2798CC9900560CD8 /* ZeemeeCodeSampleTests.swift in Sources */,
			);
			runOnlyForDeploymentPostprocessing = 0;
		};
		FE5E140D2798CC9900560CD8 /* Sources */ = {
			isa = PBXSourcesBuildPhase;
			buildActionMask = 2147483647;
			files = (
				FE5E14182798CC9900560CD8 /* ZeemeeCodeSampleUITestsLaunchTests.swift in Sources */,
				FE5E14162798CC9900560CD8 /* ZeemeeCodeSampleUITests.swift in Sources */,
			);
			runOnlyForDeploymentPostprocessing = 0;
		};
/* End PBXSourcesBuildPhase section */

/* Begin PBXTargetDependency section */
		FE5E14092798CC9900560CD8 /* PBXTargetDependency */ = {
			isa = PBXTargetDependency;
			target = FE5E13F02798CC9700560CD8 /* ZeemeeCodeSample */;
			targetProxy = FE5E14082798CC9900560CD8 /* PBXContainerItemProxy */;
		};
		FE5E14132798CC9900560CD8 /* PBXTargetDependency */ = {
			isa = PBXTargetDependency;
			target = FE5E13F02798CC9700560CD8 /* ZeemeeCodeSample */;
			targetProxy = FE5E14122798CC9900560CD8 /* PBXContainerItemProxy */;
		};
/* End PBXTargetDependency section */

/* Begin PBXVariantGroup section */
		FE5E13FF2798CC9900560CD8 /* LaunchScreen.storyboard */ = {
			isa = PBXVariantGroup;
			children = (
				FE5E14002798CC9900560CD8 /* Base */,
			);
			name = LaunchScreen.storyboard;
			sourceTree = "<group>";
		};
/* End PBXVariantGroup section */

/* Begin XCBuildConfiguration section */
		FE5E14192798CC9900560CD8 /* Debug */ = {
			isa = XCBuildConfiguration;
			buildSettings = {
				ALWAYS_SEARCH_USER_PATHS = NO;
				CLANG_ANALYZER_NONNULL = YES;
				CLANG_ANALYZER_NUMBER_OBJECT_CONVERSION = YES_AGGRESSIVE;
				CLANG_CXX_LANGUAGE_STANDARD = "gnu++17";
				CLANG_CXX_LIBRARY = "libc++";
				CLANG_ENABLE_MODULES = YES;
				CLANG_ENABLE_OBJC_ARC = YES;
				CLANG_ENABLE_OBJC_WEAK = YES;
				CLANG_WARN_BLOCK_CAPTURE_AUTORELEASING = YES;
				CLANG_WARN_BOOL_CONVERSION = YES;
				CLANG_WARN_COMMA = YES;
				CLANG_WARN_CONSTANT_CONVERSION = YES;
				CLANG_WARN_DEPRECATED_OBJC_IMPLEMENTATIONS = YES;
				CLANG_WARN_DIRECT_OBJC_ISA_USAGE = YES_ERROR;
				CLANG_WARN_DOCUMENTATION_COMMENTS = YES;
				CLANG_WARN_EMPTY_BODY = YES;
				CLANG_WARN_ENUM_CONVERSION = YES;
				CLANG_WARN_INFINITE_RECURSION = YES;
				CLANG_WARN_INT_CONVERSION = YES;
				CLANG_WARN_NON_LITERAL_NULL_CONVERSION = YES;
				CLANG_WARN_OBJC_IMPLICIT_RETAIN_SELF = YES;
				CLANG_WARN_OBJC_LITERAL_CONVERSION = YES;
				CLANG_WARN_OBJC_ROOT_CLASS = YES_ERROR;
				CLANG_WARN_QUOTED_INCLUDE_IN_FRAMEWORK_HEADER = YES;
				CLANG_WARN_RANGE_LOOP_ANALYSIS = YES;
				CLANG_WARN_STRICT_PROTOTYPES = YES;
				CLANG_WARN_SUSPICIOUS_MOVE = YES;
				CLANG_WARN_UNGUARDED_AVAILABILITY = YES_AGGRESSIVE;
				CLANG_WARN_UNREACHABLE_CODE = YES;
				CLANG_WARN__DUPLICATE_METHOD_MATCH = YES;
				COPY_PHASE_STRIP = NO;
				DEBUG_INFORMATION_FORMAT = dwarf;
				ENABLE_STRICT_OBJC_MSGSEND = YES;
				ENABLE_TESTABILITY = YES;
				GCC_C_LANGUAGE_STANDARD = gnu11;
				GCC_DYNAMIC_NO_PIC = NO;
				GCC_NO_COMMON_BLOCKS = YES;
				GCC_OPTIMIZATION_LEVEL = 0;
				GCC_PREPROCESSOR_DEFINITIONS = (
					"DEBUG=1",
					"$(inherited)",
				);
				GCC_WARN_64_TO_32_BIT_CONVERSION = YES;
				GCC_WARN_ABOUT_RETURN_TYPE = YES_ERROR;
				GCC_WARN_UNDECLARED_SELECTOR = YES;
				GCC_WARN_UNINITIALIZED_AUTOS = YES_AGGRESSIVE;
				GCC_WARN_UNUSED_FUNCTION = YES;
				GCC_WARN_UNUSED_VARIABLE = YES;
				IPHONEOS_DEPLOYMENT_TARGET = 15.2;
				MTL_ENABLE_DEBUG_INFO = INCLUDE_SOURCE;
				MTL_FAST_MATH = YES;
				ONLY_ACTIVE_ARCH = YES;
				SDKROOT = iphoneos;
				SWIFT_ACTIVE_COMPILATION_CONDITIONS = DEBUG;
				SWIFT_OPTIMIZATION_LEVEL = "-Onone";
			};
			name = Debug;
		};
		FE5E141A2798CC9900560CD8 /* Release */ = {
			isa = XCBuildConfiguration;
			buildSettings = {
				ALWAYS_SEARCH_USER_PATHS = NO;
				CLANG_ANALYZER_NONNULL = YES;
				CLANG_ANALYZER_NUMBER_OBJECT_CONVERSION = YES_AGGRESSIVE;
				CLANG_CXX_LANGUAGE_STANDARD = "gnu++17";
				CLANG_CXX_LIBRARY = "libc++";
				CLANG_ENABLE_MODULES = YES;
				CLANG_ENABLE_OBJC_ARC = YES;
				CLANG_ENABLE_OBJC_WEAK = YES;
				CLANG_WARN_BLOCK_CAPTURE_AUTORELEASING = YES;
				CLANG_WARN_BOOL_CONVERSION = YES;
				CLANG_WARN_COMMA = YES;
				CLANG_WARN_CONSTANT_CONVERSION = YES;
				CLANG_WARN_DEPRECATED_OBJC_IMPLEMENTATIONS = YES;
				CLANG_WARN_DIRECT_OBJC_ISA_USAGE = YES_ERROR;
				CLANG_WARN_DOCUMENTATION_COMMENTS = YES;
				CLANG_WARN_EMPTY_BODY = YES;
				CLANG_WARN_ENUM_CONVERSION = YES;
				CLANG_WARN_INFINITE_RECURSION = YES;
				CLANG_WARN_INT_CONVERSION = YES;
				CLANG_WARN_NON_LITERAL_NULL_CONVERSION = YES;
				CLANG_WARN_OBJC_IMPLICIT_RETAIN_SELF = YES;
				CLANG_WARN_OBJC_LITERAL_CONVERSION = YES;
				CLANG_WARN_OBJC_ROOT_CLASS = YES_ERROR;
				CLANG_WARN_QUOTED_INCLUDE_IN_FRAMEWORK_HEADER = YES;
				CLANG_WARN_RANGE_LOOP_ANALYSIS = YES;
				CLANG_WARN_STRICT_PROTOTYPES = YES;
				CLANG_WARN_SUSPICIOUS_MOVE = YES;
				CLANG_WARN_UNGUARDED_AVAILABILITY = YES_AGGRESSIVE;
				CLANG_WARN_UNREACHABLE_CODE = YES;
				CLANG_WARN__DUPLICATE_METHOD_MATCH = YES;
				COPY_PHASE_STRIP = NO;
				DEBUG_INFORMATION_FORMAT = "dwarf-with-dsym";
				ENABLE_NS_ASSERTIONS = NO;
				ENABLE_STRICT_OBJC_MSGSEND = YES;
				GCC_C_LANGUAGE_STANDARD = gnu11;
				GCC_NO_COMMON_BLOCKS = YES;
				GCC_WARN_64_TO_32_BIT_CONVERSION = YES;
				GCC_WARN_ABOUT_RETURN_TYPE = YES_ERROR;
				GCC_WARN_UNDECLARED_SELECTOR = YES;
				GCC_WARN_UNINITIALIZED_AUTOS = YES_AGGRESSIVE;
				GCC_WARN_UNUSED_FUNCTION = YES;
				GCC_WARN_UNUSED_VARIABLE = YES;
				IPHONEOS_DEPLOYMENT_TARGET = 15.2;
				MTL_ENABLE_DEBUG_INFO = NO;
				MTL_FAST_MATH = YES;
				SDKROOT = iphoneos;
				SWIFT_COMPILATION_MODE = wholemodule;
				SWIFT_OPTIMIZATION_LEVEL = "-O";
				VALIDATE_PRODUCT = YES;
			};
			name = Release;
		};
		FE5E141C2798CC9900560CD8 /* Debug */ = {
			isa = XCBuildConfiguration;
			buildSettings = {
				ASSETCATALOG_COMPILER_APPICON_NAME = AppIcon;
				ASSETCATALOG_COMPILER_GLOBAL_ACCENT_COLOR_NAME = AccentColor;
				CODE_SIGN_STYLE = Automatic;
				CURRENT_PROJECT_VERSION = 1;
				DEVELOPMENT_TEAM = 45H3622EX5;
				GENERATE_INFOPLIST_FILE = YES;
				INFOPLIST_FILE = ZeemeeCodeSample/Info.plist;
				INFOPLIST_KEY_UIApplicationSupportsIndirectInputEvents = YES;
				INFOPLIST_KEY_UILaunchStoryboardName = LaunchScreen;
				INFOPLIST_KEY_UISupportedInterfaceOrientations_iPad = "UIInterfaceOrientationPortrait UIInterfaceOrientationPortraitUpsideDown UIInterfaceOrientationLandscapeLeft UIInterfaceOrientationLandscapeRight";
				INFOPLIST_KEY_UISupportedInterfaceOrientations_iPhone = "UIInterfaceOrientationPortrait UIInterfaceOrientationLandscapeLeft UIInterfaceOrientationLandscapeRight";
				LD_RUNPATH_SEARCH_PATHS = (
					"$(inherited)",
					"@executable_path/Frameworks",
				);
				MARKETING_VERSION = 1.0;
				PRODUCT_BUNDLE_IDENTIFIER = Dev.NickPeterson.ZeemeeCodeSample;
				PRODUCT_NAME = "$(TARGET_NAME)";
				SWIFT_EMIT_LOC_STRINGS = YES;
				SWIFT_VERSION = 5.0;
				TARGETED_DEVICE_FAMILY = "1,2";
			};
			name = Debug;
		};
		FE5E141D2798CC9900560CD8 /* Release */ = {
			isa = XCBuildConfiguration;
			buildSettings = {
				ASSETCATALOG_COMPILER_APPICON_NAME = AppIcon;
				ASSETCATALOG_COMPILER_GLOBAL_ACCENT_COLOR_NAME = AccentColor;
				CODE_SIGN_STYLE = Automatic;
				CURRENT_PROJECT_VERSION = 1;
				DEVELOPMENT_TEAM = 45H3622EX5;
				GENERATE_INFOPLIST_FILE = YES;
				INFOPLIST_FILE = ZeemeeCodeSample/Info.plist;
				INFOPLIST_KEY_UIApplicationSupportsIndirectInputEvents = YES;
				INFOPLIST_KEY_UILaunchStoryboardName = LaunchScreen;
				INFOPLIST_KEY_UISupportedInterfaceOrientations_iPad = "UIInterfaceOrientationPortrait UIInterfaceOrientationPortraitUpsideDown UIInterfaceOrientationLandscapeLeft UIInterfaceOrientationLandscapeRight";
				INFOPLIST_KEY_UISupportedInterfaceOrientations_iPhone = "UIInterfaceOrientationPortrait UIInterfaceOrientationLandscapeLeft UIInterfaceOrientationLandscapeRight";
				LD_RUNPATH_SEARCH_PATHS = (
					"$(inherited)",
					"@executable_path/Frameworks",
				);
				MARKETING_VERSION = 1.0;
				PRODUCT_BUNDLE_IDENTIFIER = Dev.NickPeterson.ZeemeeCodeSample;
				PRODUCT_NAME = "$(TARGET_NAME)";
				SWIFT_EMIT_LOC_STRINGS = YES;
				SWIFT_VERSION = 5.0;
				TARGETED_DEVICE_FAMILY = "1,2";
			};
			name = Release;
		};
		FE5E141F2798CC9900560CD8 /* Debug */ = {
			isa = XCBuildConfiguration;
			buildSettings = {
				ALWAYS_EMBED_SWIFT_STANDARD_LIBRARIES = YES;
				BUNDLE_LOADER = "$(TEST_HOST)";
				CODE_SIGN_STYLE = Automatic;
				CURRENT_PROJECT_VERSION = 1;
				DEVELOPMENT_TEAM = 45H3622EX5;
				GENERATE_INFOPLIST_FILE = YES;
				IPHONEOS_DEPLOYMENT_TARGET = 15.2;
				MARKETING_VERSION = 1.0;
				PRODUCT_BUNDLE_IDENTIFIER = Dev.NickPeterson.ZeemeeCodeSampleTests;
				PRODUCT_NAME = "$(TARGET_NAME)";
				SWIFT_EMIT_LOC_STRINGS = NO;
				SWIFT_VERSION = 5.0;
				TARGETED_DEVICE_FAMILY = "1,2";
				TEST_HOST = "$(BUILT_PRODUCTS_DIR)/ZeemeeCodeSample.app/ZeemeeCodeSample";
			};
			name = Debug;
		};
		FE5E14202798CC9900560CD8 /* Release */ = {
			isa = XCBuildConfiguration;
			buildSettings = {
				ALWAYS_EMBED_SWIFT_STANDARD_LIBRARIES = YES;
				BUNDLE_LOADER = "$(TEST_HOST)";
				CODE_SIGN_STYLE = Automatic;
				CURRENT_PROJECT_VERSION = 1;
				DEVELOPMENT_TEAM = 45H3622EX5;
				GENERATE_INFOPLIST_FILE = YES;
				IPHONEOS_DEPLOYMENT_TARGET = 15.2;
				MARKETING_VERSION = 1.0;
				PRODUCT_BUNDLE_IDENTIFIER = Dev.NickPeterson.ZeemeeCodeSampleTests;
				PRODUCT_NAME = "$(TARGET_NAME)";
				SWIFT_EMIT_LOC_STRINGS = NO;
				SWIFT_VERSION = 5.0;
				TARGETED_DEVICE_FAMILY = "1,2";
				TEST_HOST = "$(BUILT_PRODUCTS_DIR)/ZeemeeCodeSample.app/ZeemeeCodeSample";
			};
			name = Release;
		};
		FE5E14222798CC9900560CD8 /* Debug */ = {
			isa = XCBuildConfiguration;
			buildSettings = {
				ALWAYS_EMBED_SWIFT_STANDARD_LIBRARIES = YES;
				CODE_SIGN_STYLE = Automatic;
				CURRENT_PROJECT_VERSION = 1;
				DEVELOPMENT_TEAM = 45H3622EX5;
				GENERATE_INFOPLIST_FILE = YES;
				MARKETING_VERSION = 1.0;
				PRODUCT_BUNDLE_IDENTIFIER = Dev.NickPeterson.ZeemeeCodeSampleUITests;
				PRODUCT_NAME = "$(TARGET_NAME)";
				SWIFT_EMIT_LOC_STRINGS = NO;
				SWIFT_VERSION = 5.0;
				TARGETED_DEVICE_FAMILY = "1,2";
				TEST_TARGET_NAME = ZeemeeCodeSample;
			};
			name = Debug;
		};
		FE5E14232798CC9900560CD8 /* Release */ = {
			isa = XCBuildConfiguration;
			buildSettings = {
				ALWAYS_EMBED_SWIFT_STANDARD_LIBRARIES = YES;
				CODE_SIGN_STYLE = Automatic;
				CURRENT_PROJECT_VERSION = 1;
				DEVELOPMENT_TEAM = 45H3622EX5;
				GENERATE_INFOPLIST_FILE = YES;
				MARKETING_VERSION = 1.0;
				PRODUCT_BUNDLE_IDENTIFIER = Dev.NickPeterson.ZeemeeCodeSampleUITests;
				PRODUCT_NAME = "$(TARGET_NAME)";
				SWIFT_EMIT_LOC_STRINGS = NO;
				SWIFT_VERSION = 5.0;
				TARGETED_DEVICE_FAMILY = "1,2";
				TEST_TARGET_NAME = ZeemeeCodeSample;
			};
			name = Release;
		};
/* End XCBuildConfiguration section */

/* Begin XCConfigurationList section */
		FE5E13EC2798CC9700560CD8 /* Build configuration list for PBXProject "ZeemeeCodeSample" */ = {
			isa = XCConfigurationList;
			buildConfigurations = (
				FE5E14192798CC9900560CD8 /* Debug */,
				FE5E141A2798CC9900560CD8 /* Release */,
			);
			defaultConfigurationIsVisible = 0;
			defaultConfigurationName = Release;
		};
		FE5E141B2798CC9900560CD8 /* Build configuration list for PBXNativeTarget "ZeemeeCodeSample" */ = {
			isa = XCConfigurationList;
			buildConfigurations = (
				FE5E141C2798CC9900560CD8 /* Debug */,
				FE5E141D2798CC9900560CD8 /* Release */,
			);
			defaultConfigurationIsVisible = 0;
			defaultConfigurationName = Release;
		};
		FE5E141E2798CC9900560CD8 /* Build configuration list for PBXNativeTarget "ZeemeeCodeSampleTests" */ = {
			isa = XCConfigurationList;
			buildConfigurations = (
				FE5E141F2798CC9900560CD8 /* Debug */,
				FE5E14202798CC9900560CD8 /* Release */,
			);
			defaultConfigurationIsVisible = 0;
			defaultConfigurationName = Release;
		};
		FE5E14212798CC9900560CD8 /* Build configuration list for PBXNativeTarget "ZeemeeCodeSampleUITests" */ = {
			isa = XCConfigurationList;
			buildConfigurations = (
				FE5E14222798CC9900560CD8 /* Debug */,
				FE5E14232798CC9900560CD8 /* Release */,
			);
			defaultConfigurationIsVisible = 0;
			defaultConfigurationName = Release;
		};
/* End XCConfigurationList section */
	};
	rootObject = FE5E13E92798CC9700560CD8 /* Project object */;
}
